
Microsoft Visual Studio Solution File, Format Version 12.00
# Visual Studio 15
VisualStudioVersion = 15.0.28307.106
MinimumVisualStudioVersion = 10.0.40219.1
Project("{888888A0-9F3D-457C-B088-3A5042F75D52}") = "DjangoProject", "DjangoProject\DjangoProject.pyproj", "{6A562C0C-7E80-4F9F-BB8D-4F99D469D335}"
EndProject
Global
	GlobalSection(SolutionConfigurationPlatforms) = preSolution
		Debug|Any CPU = Debug|Any CPU
		Release|Any CPU = Release|Any CPU
	EndGlobalSection
	GlobalSection(ProjectConfigurationPlatforms) = postSolution
		{6A562C0C-7E80-4F9F-BB8D-4F99D469D335}.Debug|Any CPU.ActiveCfg = Debug|Any CPU
		{6A562C0C-7E80-4F9F-BB8D-4F99D469D335}.Debug|Any CPU.Build.0 = Debug|Any CPU
		{6A562C0C-7E80-4F9F-BB8D-4F99D469D335}.Release|Any CPU.ActiveCfg = Release|Any CPU
		{6A562C0C-7E80-4F9F-BB8D-4F99D469D335}.Release|Any CPU.Build.0 = Release|Any CPU
	EndGlobalSection
	GlobalSection(SolutionProperties) = preSolution
		HideSolutionNode = FALSE
	EndGlobalSection
	GlobalSection(ExtensibilityGlobals) = postSolution
		SolutionGuid = {DDED9EDF-C409-4CC6-80EB-0BC8476AF9F2}
	EndGlobalSection
EndGlobal
